<?xml version="1.0" encoding="utf-8"?>
<Project ToolsVersion="4.0" xmlns="http://schemas.microsoft.com/developer/msbuild/2003">
  <ItemGroup>
    <ClCompile Include="RendererTests.cpp" />
    <ClCompile Include="test.cpp" />
    <ClCompile Include="pch.cpp" />
    <ClCompile Include="PawnTests.cpp" />
    <ClCompile Include="KnightTests.cpp" />
    <ClCompile Include="BishopTests.cpp" />
  </ItemGroup>
  <ItemGroup>
    <ClInclude Include="pch.h" />
  </ItemGroup>
  <ItemGroup>
    <None Include="packages.config" />
  </ItemGroup>
  <ItemGroup>
    <Filter Include="Testdata">
      <UniqueIdentifier>{b3883bf0-110e-46f0-85ec-3538d9bee088}</UniqueIdentifier>
    </Filter>
  </ItemGroup>
  <ItemGroup>
    <Text Include="PawnCapturingTest.txt">
      <Filter>Testdata</Filter>
    </Text>
    <Text Include="PawnMovementTest.txt">
      <Filter>Testdata</Filter>
    </Text>
    <Text Include="PawnUpgradeTest.txt">
      <Filter>Testdata</Filter>
    </Text>
    <Text Include="PawnEnPassantTest.txt">
      <Filter>Testdata</Filter>
    </Text>
    <Text Include="KnightMovementTest.txt">
      <Filter>Testdata</Filter>
    </Text>
    <Text Include="BishopMovementTest.txt">
      <Filter>Testdata</Filter>
    </Text>
    <Text Include="BishopCaptureTest.txt">
      <Filter>Testdata</Filter>
    </Text>
  </ItemGroup>
</Project>